{
  "name": "claude-evolve",
  "version": "1.11.12",
  "lockfileVersion": 3,
  "requires": true,
  "packages": {
    "": {
      "name": "claude-evolve",
      "version": "1.11.12",
      "license": "ISC",
      "bin": {
        "claude-evolve": "bin/claude-evolve",
        "claude-evolve-analyze": "bin/claude-evolve-analyze",
        "claude-evolve-check": "bin/claude-evolve-check",
        "claude-evolve-config": "bin/claude-evolve-config",
        "claude-evolve-ideate": "bin/claude-evolve-ideate",
        "claude-evolve-killall": "bin/claude-evolve-killall",
        "claude-evolve-main": "bin/claude-evolve-main",
        "claude-evolve-run": "bin/claude-evolve-run",
        "claude-evolve-setup": "bin/claude-evolve-setup",
        "claude-evolve-worker": "bin/claude-evolve-worker"
      },
      "devDependencies": {}
    }
  }
}
