{
  "name": "claude-evolve",
  "version": "1.8.0",
  "lockfileVersion": 3,
  "requires": true,
  "packages": {
    "": {
      "name": "claude-evolve",
      "version": "1.8.0",
      "license": "ISC",
      "bin": {
        "claude-evolve": "bin/claude-evolve",
        "claude-evolve-analyze": "bin/claude-evolve-analyze",
        "claude-evolve-config": "bin/claude-evolve-config",
        "claude-evolve-ideate": "bin/claude-evolve-ideate",
        "claude-evolve-main": "bin/claude-evolve-main",
        "claude-evolve-run": "bin/claude-evolve-run",
        "claude-evolve-run-parallel": "bin/claude-evolve-run-parallel",
        "claude-evolve-setup": "bin/claude-evolve-setup",
        "claude-evolve-worker": "bin/claude-evolve-worker"
      },
      "devDependencies": {}
    }
  }
}
